
Microsoft Visual Studio Solution File, Format Version 12.00
# Visual Studio Version 16
VisualStudioVersion = 16.0.29102.190
MinimumVisualStudioVersion = 10.0.40219.1
Project("{FAE04EC0-301F-11D3-BF4B-00C04F79EFBC}") = "PrintCostCalculator3d", "PrintCostCalculator3d\PrintCostCalculator3d.csproj", "{37836D59-4A5D-4691-8FBC-C89C94EB7657}"
EndProject
Project("{54435603-DBB4-11D2-8724-00A0C9A8B90C}") = "3dPrintCostCalculator.SetupWizard", "SetupWizard\SetupWizard.vdproj", "{9AFD76F1-B18C-4302-B357-1C79A0A8545E}"
EndProject
Global
	GlobalSection(SolutionConfigurationPlatforms) = preSolution
		All|Any CPU = All|Any CPU
		All|ARM = All|ARM
		All|ARM64 = All|ARM64
		All|x64 = All|x64
		All|x86 = All|x86
		Debug|Any CPU = Debug|Any CPU
		Debug|ARM = Debug|ARM
		Debug|ARM64 = Debug|ARM64
		Debug|x64 = Debug|x64
		Debug|x86 = Debug|x86
		Release|Any CPU = Release|Any CPU
		Release|ARM = Release|ARM
		Release|ARM64 = Release|ARM64
		Release|x64 = Release|x64
		Release|x86 = Release|x86
	EndGlobalSection
	GlobalSection(ProjectConfigurationPlatforms) = postSolution
		{37836D59-4A5D-4691-8FBC-C89C94EB7657}.All|Any CPU.ActiveCfg = Release|Any CPU
		{37836D59-4A5D-4691-8FBC-C89C94EB7657}.All|Any CPU.Build.0 = Release|Any CPU
		{37836D59-4A5D-4691-8FBC-C89C94EB7657}.All|ARM.ActiveCfg = Release|Any CPU
		{37836D59-4A5D-4691-8FBC-C89C94EB7657}.All|ARM.Build.0 = Release|Any CPU
		{37836D59-4A5D-4691-8FBC-C89C94EB7657}.All|ARM64.ActiveCfg = Release|Any CPU
		{37836D59-4A5D-4691-8FBC-C89C94EB7657}.All|ARM64.Build.0 = Release|Any CPU
		{37836D59-4A5D-4691-8FBC-C89C94EB7657}.All|x64.ActiveCfg = Release|x64
		{37836D59-4A5D-4691-8FBC-C89C94EB7657}.All|x64.Build.0 = Release|x64
		{37836D59-4A5D-4691-8FBC-C89C94EB7657}.All|x86.ActiveCfg = Release|Any CPU
		{37836D59-4A5D-4691-8FBC-C89C94EB7657}.All|x86.Build.0 = Release|Any CPU
		{37836D59-4A5D-4691-8FBC-C89C94EB7657}.Debug|Any CPU.ActiveCfg = Debug|Any CPU
		{37836D59-4A5D-4691-8FBC-C89C94EB7657}.Debug|Any CPU.Build.0 = Debug|Any CPU
		{37836D59-4A5D-4691-8FBC-C89C94EB7657}.Debug|ARM.ActiveCfg = Debug|Any CPU
		{37836D59-4A5D-4691-8FBC-C89C94EB7657}.Debug|ARM.Build.0 = Debug|Any CPU
		{37836D59-4A5D-4691-8FBC-C89C94EB7657}.Debug|ARM64.ActiveCfg = Debug|Any CPU
		{37836D59-4A5D-4691-8FBC-C89C94EB7657}.Debug|ARM64.Build.0 = Debug|Any CPU
		{37836D59-4A5D-4691-8FBC-C89C94EB7657}.Debug|x64.ActiveCfg = Debug|x64
		{37836D59-4A5D-4691-8FBC-C89C94EB7657}.Debug|x64.Build.0 = Debug|x64
		{37836D59-4A5D-4691-8FBC-C89C94EB7657}.Debug|x86.ActiveCfg = Debug|Any CPU
		{37836D59-4A5D-4691-8FBC-C89C94EB7657}.Debug|x86.Build.0 = Debug|Any CPU
		{37836D59-4A5D-4691-8FBC-C89C94EB7657}.Release|Any CPU.ActiveCfg = Release|Any CPU
		{37836D59-4A5D-4691-8FBC-C89C94EB7657}.Release|Any CPU.Build.0 = Release|Any CPU
		{37836D59-4A5D-4691-8FBC-C89C94EB7657}.Release|ARM.ActiveCfg = Release|Any CPU
		{37836D59-4A5D-4691-8FBC-C89C94EB7657}.Release|ARM.Build.0 = Release|Any CPU
		{37836D59-4A5D-4691-8FBC-C89C94EB7657}.Release|ARM64.ActiveCfg = Release|Any CPU
		{37836D59-4A5D-4691-8FBC-C89C94EB7657}.Release|ARM64.Build.0 = Release|Any CPU
		{37836D59-4A5D-4691-8FBC-C89C94EB7657}.Release|x64.ActiveCfg = Release|x64
		{37836D59-4A5D-4691-8FBC-C89C94EB7657}.Release|x64.Build.0 = Release|x64
		{37836D59-4A5D-4691-8FBC-C89C94EB7657}.Release|x86.ActiveCfg = Release|Any CPU
		{37836D59-4A5D-4691-8FBC-C89C94EB7657}.Release|x86.Build.0 = Release|Any CPU
		{9AFD76F1-B18C-4302-B357-1C79A0A8545E}.All|Any CPU.ActiveCfg = Release
		{9AFD76F1-B18C-4302-B357-1C79A0A8545E}.All|Any CPU.Build.0 = Release
		{9AFD76F1-B18C-4302-B357-1C79A0A8545E}.All|ARM.ActiveCfg = Release
		{9AFD76F1-B18C-4302-B357-1C79A0A8545E}.All|ARM.Build.0 = Release
		{9AFD76F1-B18C-4302-B357-1C79A0A8545E}.All|ARM64.ActiveCfg = Release
		{9AFD76F1-B18C-4302-B357-1C79A0A8545E}.All|ARM64.Build.0 = Release
		{9AFD76F1-B18C-4302-B357-1C79A0A8545E}.All|x64.ActiveCfg = Release
		{9AFD76F1-B18C-4302-B357-1C79A0A8545E}.All|x64.Build.0 = Release
		{9AFD76F1-B18C-4302-B357-1C79A0A8545E}.All|x86.ActiveCfg = Release
		{9AFD76F1-B18C-4302-B357-1C79A0A8545E}.All|x86.Build.0 = Release
		{9AFD76F1-B18C-4302-B357-1C79A0A8545E}.Debug|Any CPU.ActiveCfg = Debug
		{9AFD76F1-B18C-4302-B357-1C79A0A8545E}.Debug|ARM.ActiveCfg = Debug
		{9AFD76F1-B18C-4302-B357-1C79A0A8545E}.Debug|ARM.Build.0 = Debug
		{9AFD76F1-B18C-4302-B357-1C79A0A8545E}.Debug|ARM64.ActiveCfg = Debug
		{9AFD76F1-B18C-4302-B357-1C79A0A8545E}.Debug|ARM64.Build.0 = Debug
		{9AFD76F1-B18C-4302-B357-1C79A0A8545E}.Debug|x64.ActiveCfg = Debug
		{9AFD76F1-B18C-4302-B357-1C79A0A8545E}.Debug|x86.ActiveCfg = Debug
		{9AFD76F1-B18C-4302-B357-1C79A0A8545E}.Debug|x86.Build.0 = Debug
		{9AFD76F1-B18C-4302-B357-1C79A0A8545E}.Release|Any CPU.ActiveCfg = Release
		{9AFD76F1-B18C-4302-B357-1C79A0A8545E}.Release|ARM.ActiveCfg = Release
		{9AFD76F1-B18C-4302-B357-1C79A0A8545E}.Release|ARM.Build.0 = Release
		{9AFD76F1-B18C-4302-B357-1C79A0A8545E}.Release|ARM64.ActiveCfg = Release
		{9AFD76F1-B18C-4302-B357-1C79A0A8545E}.Release|ARM64.Build.0 = Release
		{9AFD76F1-B18C-4302-B357-1C79A0A8545E}.Release|x64.ActiveCfg = Release
		{9AFD76F1-B18C-4302-B357-1C79A0A8545E}.Release|x86.ActiveCfg = Release
		{9AFD76F1-B18C-4302-B357-1C79A0A8545E}.Release|x86.Build.0 = Release
	EndGlobalSection
	GlobalSection(SolutionProperties) = preSolution
		HideSolutionNode = FALSE
	EndGlobalSection
	GlobalSection(ExtensibilityGlobals) = postSolution
		SolutionGuid = {E60C06C5-ED12-46AE-809A-538F7FF0AA47}
	EndGlobalSection
EndGlobal
